
Microsoft Visual Studio Solution File, Format Version 12.00
# Visual Studio Version 17
VisualStudioVersion = 17.5.002.0
MinimumVisualStudioVersion = 10.0.40219.1
Project("{9A19103F-16F7-4668-BE54-9A1E7A4F7556}") = "EditorHtml", "EditorHtml.csproj", "{71B3CF32-4C29-44D1-AE4F-B38384CCCADA}"
EndProject
Global
	GlobalSection(SolutionConfigurationPlatforms) = preSolution
		Debug|Any CPU = Debug|Any CPU
		Release|Any CPU = Release|Any CPU
	EndGlobalSection
	GlobalSection(ProjectConfigurationPlatforms) = postSolution
		{71B3CF32-4C29-44D1-AE4F-B38384CCCADA}.Debug|Any CPU.ActiveCfg = Debug|Any CPU
		{71B3CF32-4C29-44D1-AE4F-B38384CCCADA}.Debug|Any CPU.Build.0 = Debug|Any CPU
		{71B3CF32-4C29-44D1-AE4F-B38384CCCADA}.Release|Any CPU.ActiveCfg = Release|Any CPU
		{71B3CF32-4C29-44D1-AE4F-B38384CCCADA}.Release|Any CPU.Build.0 = Release|Any CPU
	EndGlobalSection
	GlobalSection(SolutionProperties) = preSolution
		HideSolutionNode = FALSE
	EndGlobalSection
	GlobalSection(ExtensibilityGlobals) = postSolution
		SolutionGuid = {093867CB-CEC0-45EA-8212-8BA5EEB97789}
	EndGlobalSection
EndGlobal
