Microsoft Visual Studio Solution File, Format Version 12.00
# Visual Studio Version 17
VisualStudioVersion = 17.5.2.0
MinimumVisualStudioVersion = 10.0.40219.1
Project("{FAE04EC0-301F-11D3-BF4B-00C04F79EFBC}") = "HtmlEditor", "HtmlEditor\HtmlEditor.csproj", "{45B83D16-E6E1-D2F1-82A7-0FB323C12337}"
EndProject
Global
	GlobalSection(SolutionConfigurationPlatforms) = preSolution
		Debug|Any CPU = Debug|Any CPU
		Release|Any CPU = Release|Any CPU
	EndGlobalSection
	GlobalSection(ProjectConfigurationPlatforms) = postSolution
		{45B83D16-E6E1-D2F1-82A7-0FB323C12337}.Debug|Any CPU.ActiveCfg = Debug|Any CPU
		{45B83D16-E6E1-D2F1-82A7-0FB323C12337}.Debug|Any CPU.Build.0 = Debug|Any CPU
		{45B83D16-E6E1-D2F1-82A7-0FB323C12337}.Release|Any CPU.ActiveCfg = Release|Any CPU
		{45B83D16-E6E1-D2F1-82A7-0FB323C12337}.Release|Any CPU.Build.0 = Release|Any CPU
	EndGlobalSection
	GlobalSection(SolutionProperties) = preSolution
		HideSolutionNode = FALSE
	EndGlobalSection
	GlobalSection(ExtensibilityGlobals) = postSolution
		SolutionGuid = {A536B41F-004D-4A33-8F3F-12483AE0F9F5}
	EndGlobalSection
EndGlobal
